# THIS IS AN AUTOGENERATED FILE. DO NOT EDIT THIS FILE DIRECTLY.
# yarn lockfile v1


csv-parse@^5.3.5:
  version "5.3.5"
  resolved "https://registry.yarnpkg.com/csv-parse/-/csv-parse-5.3.5.tgz#9924bbba9f7056122f06b7af18edc1a7f022ce99"
  integrity sha512-8O5KTIRtwmtD3+EVfW6BCgbwZqJbhTYsQZry12F1TP5RUp0sD9tp1UnCWic3n0mLOhzeocYaCZNYxOGSg3dmmQ==

date-fns-tz@^2.0.0:
  version "2.0.0"
  resolved "https://registry.yarnpkg.com/date-fns-tz/-/date-fns-tz-2.0.0.tgz#1b14c386cb8bc16fc56fe333d4fc34ae1d1099d5"
  integrity sha512-OAtcLdB9vxSXTWHdT8b398ARImVwQMyjfYGkKD2zaGpHseG2UPHbHjXELReErZFxWdSLph3c2zOaaTyHfOhERQ==

date-fns@^2.29.3:
  version "2.29.3"
  resolved "https://registry.yarnpkg.com/date-fns/-/date-fns-2.29.3.tgz#27402d2fc67eb442b511b70bbdf98e6411cd68a8"
  integrity sha512-dDCnyH2WnnKusqvZZ6+jA1O51Ibt8ZMRNkDZdyAyK4YfbDwa/cEmuztzG5pk6hqlp9aSBPYcjOlktquahGwGeA==

fs-extra@^11.1.0:
  version "11.1.0"
  resolved "https://registry.yarnpkg.com/fs-extra/-/fs-extra-11.1.0.tgz#5784b102104433bb0e090f48bfc4a30742c357ed"
  integrity sha512-0rcTq621PD5jM/e0a3EJoGC/1TC5ZBCERW82LQuwfGnCa1V8w7dpYH1yNu+SLb6E5dkeCBzKEyLGlFrnr+dUyw==
  dependencies:
    graceful-fs "^4.2.0"
    jsonfile "^6.0.1"
    universalify "^2.0.0"

graceful-fs@^4.1.6, graceful-fs@^4.2.0:
  version "4.2.10"
  resolved "https://registry.yarnpkg.com/graceful-fs/-/graceful-fs-4.2.10.tgz#147d3a006da4ca3ce14728c7aefc287c367d7a6c"
  integrity sha512-9ByhssR2fPVsNZj478qUUbKfmL0+t5BDVyjShtyZZLiK7ZDAArFFfopyOTj0M05wE2tJPisA4iTnnXl2YoPvOA==

jsonfile@^6.0.1:
  version "6.1.0"
  resolved "https://registry.yarnpkg.com/jsonfile/-/jsonfile-6.1.0.tgz#bc55b2634793c679ec6403094eb13698a6ec0aae"
  integrity sha512-5dgndWOriYSm5cnYaJNhalLNDKOqFwyDB/rr1E9ZsGciGvKPs8R2xYGCacuf3z6K1YKDz182fd+fY3cn3pMqXQ==
  dependencies:
    universalify "^2.0.0"
  optionalDependencies:
    graceful-fs "^4.1.6"

universalify@^2.0.0:
  version "2.0.0"
  resolved "https://registry.yarnpkg.com/universalify/-/universalify-2.0.0.tgz#75a4984efedc4b08975c5aeb73f530d02df25717"
  integrity sha512-hAZsKq7Yy11Zu1DE0OzWjw7nnLZmJZYTDZZyEFHZdUhV8FkH5MCfoU1XMaxXovpyW5nq5scPqq0ZDP9Zyl04oQ==

yaml@^2.2.1:
  version "2.2.1"
  resolved "https://registry.yarnpkg.com/yaml/-/yaml-2.2.1.tgz#3014bf0482dcd15147aa8e56109ce8632cd60ce4"
  integrity sha512-e0WHiYql7+9wr4cWMx3TVQrNwejKaEe7/rHNmQmqRjazfOP5W8PB6Jpebb5o6fIapbz9o9+2ipcaTM2ZwDI6lw==
